
Microsoft Visual Studio Solution File, Format Version 12.00
# Visual Studio Version 16
VisualStudioVersion = 16.0.30804.86
MinimumVisualStudioVersion = 10.0.40219.1
Project("{FAE04EC0-301F-11D3-BF4B-00C04F79EFBC}") = "PROJECT_3", "PROJECT_3\PROJECT_3.csproj", "{82FFCD8B-CE69-4E45-81AE-BB573DE58E12}"
EndProject
Global
	GlobalSection(SolutionConfigurationPlatforms) = preSolution
		Debug|Any CPU = Debug|Any CPU
		Release|Any CPU = Release|Any CPU
	EndGlobalSection
	GlobalSection(ProjectConfigurationPlatforms) = postSolution
		{82FFCD8B-CE69-4E45-81AE-BB573DE58E12}.Debug|Any CPU.ActiveCfg = Debug|Any CPU
		{82FFCD8B-CE69-4E45-81AE-BB573DE58E12}.Debug|Any CPU.Build.0 = Debug|Any CPU
		{82FFCD8B-CE69-4E45-81AE-BB573DE58E12}.Release|Any CPU.ActiveCfg = Release|Any CPU
		{82FFCD8B-CE69-4E45-81AE-BB573DE58E12}.Release|Any CPU.Build.0 = Release|Any CPU
	EndGlobalSection
	GlobalSection(SolutionProperties) = preSolution
		HideSolutionNode = FALSE
	EndGlobalSection
	GlobalSection(ExtensibilityGlobals) = postSolution
		SolutionGuid = {A2AC607F-57F1-45EE-989D-38C5AD5FB63E}
	EndGlobalSection
EndGlobal
